# This file was autogenerated by uv via the following command:
#    uv pip compile pyproject.toml -o uv.lock
annotated-types==0.7.0
    # via pydantic
arpeggio==2.0.3
    # via parver
attrs==25.3.0
    # via parver
azure-core==1.35.1
    # via
    #   azure-identity
    #   azure-keyvault-secrets
azure-identity==1.25.0
    # via pulumi-ee-cicd (pyproject.toml)
azure-keyvault-secrets==4.10.0
    # via pulumi-ee-cicd (pyproject.toml)
bcrypt==4.3.0
    # via paramiko
certifi==2025.8.3
    # via
    #   groundlight
    #   requests
cffi==2.0.0
    # via
    #   cryptography
    #   pynacl
charset-normalizer==3.4.3
    # via requests
click==8.1.8
    # via typer
cryptography==46.0.1
    # via
    #   azure-identity
    #   msal
    #   paramiko
    #   pyjwt
debugpy==1.8.17
    # via pulumi
decorator==5.2.1
    # via fabric
deprecated==1.2.18
    # via fabric
dill==0.4.0
    # via pulumi
fabric==3.2.2
    # via pulumi-ee-cicd (pyproject.toml)
frozendict==2.4.6
    # via groundlight
groundlight==0.22.7
    # via pulumi-ee-cicd (pyproject.toml)
grpcio==1.75.0
    # via pulumi
idna==3.10
    # via requests
invoke==2.2.0
    # via
    #   fabric
    #   paramiko
isodate==0.7.2
    # via azure-keyvault-secrets
markdown-it-py==4.0.0
    # via rich
mdurl==0.1.2
    # via markdown-it-py
msal==1.34.0
    # via
    #   azure-identity
    #   msal-extensions
msal-extensions==1.3.1
    # via azure-identity
paramiko==4.0.0
    # via fabric
parver==0.5
    # via pulumi-aws
pillow==11.3.0
    # via groundlight
pip==25.2
    # via pulumi
protobuf==5.29.5
    # via pulumi
pulumi==3.197.0
    # via
    #   pulumi-ee-cicd (pyproject.toml)
    #   pulumi-aws
pulumi-aws==7.7.0
    # via pulumi-ee-cicd (pyproject.toml)
pycparser==2.23
    # via cffi
pydantic==2.11.9
    # via groundlight
pydantic-core==2.33.2
    # via pydantic
pygments==2.19.2
    # via rich
pyjwt==2.10.1
    # via msal
pynacl==1.6.0
    # via paramiko
python-dateutil==2.9.0.post0
    # via groundlight
pyyaml==6.0.2
    # via pulumi
requests==2.32.5
    # via
    #   azure-core
    #   groundlight
    #   msal
rich==14.1.0
    # via typer
semver==3.0.4
    # via
    #   pulumi
    #   pulumi-aws
shellingham==1.5.4
    # via typer
six==1.17.0
    # via
    #   azure-core
    #   python-dateutil
typer==0.15.4
    # via groundlight
typing-extensions==4.15.0
    # via
    #   azure-core
    #   azure-identity
    #   azure-keyvault-secrets
    #   grpcio
    #   pydantic
    #   pydantic-core
    #   typer
    #   typing-inspection
typing-inspection==0.4.1
    # via pydantic
urllib3==1.26.20
    # via
    #   groundlight
    #   requests
wrapt==1.17.3
    # via deprecated
